
Microsoft Visual Studio Solution File, Format Version 12.00
# Visual Studio 15
VisualStudioVersion = 15.0.28307.645
MinimumVisualStudioVersion = 10.0.40219.1
Project("{FAE04EC0-301F-11D3-BF4B-00C04F79EFBC}") = "Log4NetPractise", "Log4NetPractise\Log4NetPractise.csproj", "{7B7A8FCB-E947-49DA-B645-F776005038D5}"
EndProject
Global
	GlobalSection(SolutionConfigurationPlatforms) = preSolution
		Debug|Any CPU = Debug|Any CPU
		Release|Any CPU = Release|Any CPU
	EndGlobalSection
	GlobalSection(ProjectConfigurationPlatforms) = postSolution
		{7B7A8FCB-E947-49DA-B645-F776005038D5}.Debug|Any CPU.ActiveCfg = Debug|Any CPU
		{7B7A8FCB-E947-49DA-B645-F776005038D5}.Debug|Any CPU.Build.0 = Debug|Any CPU
		{7B7A8FCB-E947-49DA-B645-F776005038D5}.Release|Any CPU.ActiveCfg = Release|Any CPU
		{7B7A8FCB-E947-49DA-B645-F776005038D5}.Release|Any CPU.Build.0 = Release|Any CPU
	EndGlobalSection
	GlobalSection(SolutionProperties) = preSolution
		HideSolutionNode = FALSE
	EndGlobalSection
	GlobalSection(ExtensibilityGlobals) = postSolution
		SolutionGuid = {000B2275-C4C1-44AF-B92B-BBC733815F5C}
	EndGlobalSection
EndGlobal
